{
  "requires": true,
  "lockfileVersion": 1,
  "dependencies": {
    "lokijs": {
      "version": "1.5.11",
      "resolved": "https://registry.npmjs.org/lokijs/-/lokijs-1.5.11.tgz",
      "integrity": "sha512-YYyuBPxMn/oS0tFznQDbIX5XL1ltMcwFqCboDr8voYE4VCDzR5vAsrvQDhlnua4lBeqMqHmLvUXRTmRUzUKH1Q=="
    }
  }
}
